// !$*UTF8*$!
{
	archiveVersion = 1;
	classes = {
	};
	objectVersion = 50;
	objects = {

/* Begin PBXBuildFile section */
		8E1E7D8C176CF92995596227 /* libPods-OC知识点Tests.a in Frameworks */ = {isa = PBXBuildFile; fileRef = A8D30D2CF71C132354D9D129 /* libPods-OC知识点Tests.a */; };
		C15847AB5AE88EC2B44DBFF4 /* libPods-OC知识点.a in Frameworks */ = {isa = PBXBuildFile; fileRef = 65DA2C5820B00BE2D6CFA5FA /* libPods-OC知识点.a */; };
		C75D46C2DB1D4F82CBB58539 /* libPods-OC知识点UITests.a in Frameworks */ = {isa = PBXBuildFile; fileRef = CAFAE25817A71A3BB7142898 /* libPods-OC知识点UITests.a */; };
		E73F968320E75B89005BC55E /* MoveLayerViewController.m in Sources */ = {isa = PBXBuildFile; fileRef = E73F968220E75B89005BC55E /* MoveLayerViewController.m */; };
		E74FD8E320A6D16E00793950 /* AppDelegate.m in Sources */ = {isa = PBXBuildFile; fileRef = E74FD8E220A6D16E00793950 /* AppDelegate.m */; };
		E74FD8EB20A6D17000793950 /* Assets.xcassets in Resources */ = {isa = PBXBuildFile; fileRef = E74FD8EA20A6D17000793950 /* Assets.xcassets */; };
		E74FD8EE20A6D17000793950 /* LaunchScreen.storyboard in Resources */ = {isa = PBXBuildFile; fileRef = E74FD8EC20A6D17000793950 /* LaunchScreen.storyboard */; };
		E74FD8F120A6D17000793950 /* main.m in Sources */ = {isa = PBXBuildFile; fileRef = E74FD8F020A6D17000793950 /* main.m */; };
		E74FD8FB20A6D17000793950 /* OC___Tests.m in Sources */ = {isa = PBXBuildFile; fileRef = E74FD8FA20A6D17000793950 /* OC___Tests.m */; };
		E74FD90620A6D17000793950 /* OC___UITests.m in Sources */ = {isa = PBXBuildFile; fileRef = E74FD90520A6D17000793950 /* OC___UITests.m */; };
		E74FD91520A6D40300793950 /* MainViewController.m in Sources */ = {isa = PBXBuildFile; fileRef = E74FD91420A6D40300793950 /* MainViewController.m */; };
		E74FD91B20A6D4E900793950 /* TestView.m in Sources */ = {isa = PBXBuildFile; fileRef = E74FD91A20A6D4E900793950 /* TestView.m */; };
		E77D032220CBE54B007080E0 /* customDrawingView.m in Sources */ = {isa = PBXBuildFile; fileRef = E77D032120CBE54B007080E0 /* customDrawingView.m */; };
		E79004E420A81FE700AE02F3 /* BlockTestObj.m in Sources */ = {isa = PBXBuildFile; fileRef = E79004E320A81FE700AE02F3 /* BlockTestObj.m */; };
		E79004F220A8360000AE02F3 /* ThreadViewController.m in Sources */ = {isa = PBXBuildFile; fileRef = E79004F120A8360000AE02F3 /* ThreadViewController.m */; };
		E7CE5B7520C8413800E72231 /* CoreAnimationViewController.m in Sources */ = {isa = PBXBuildFile; fileRef = E7CE5B7420C8413800E72231 /* CoreAnimationViewController.m */; };
		E7DA9D9C20AC89B4009E016A /* RunLoopViewController.m in Sources */ = {isa = PBXBuildFile; fileRef = E7DA9D9820AC89B4009E016A /* RunLoopViewController.m */; };
		E7F135D420B5B4A3004EEF3D /* StudyMessageViewController.m in Sources */ = {isa = PBXBuildFile; fileRef = E7F135D320B5B4A3004EEF3D /* StudyMessageViewController.m */; };
		E7F135D720B5B736004EEF3D /* StudyMessageObj.m in Sources */ = {isa = PBXBuildFile; fileRef = E7F135D620B5B736004EEF3D /* StudyMessageObj.m */; };
		E7F135DB20B703DA004EEF3D /* StudyMessageSunObj.m in Sources */ = {isa = PBXBuildFile; fileRef = E7F135DA20B703DA004EEF3D /* StudyMessageSunObj.m */; };
		E7F135DE20B70B10004EEF3D /* StudyMessageTar.m in Sources */ = {isa = PBXBuildFile; fileRef = E7F135DD20B70B10004EEF3D /* StudyMessageTar.m */; };
/* End PBXBuildFile section */

/* Begin PBXContainerItemProxy section */
		E74FD8F720A6D17000793950 /* PBXContainerItemProxy */ = {
			isa = PBXContainerItemProxy;
			containerPortal = E74FD8D620A6D16E00793950 /* Project object */;
			proxyType = 1;
			remoteGlobalIDString = E74FD8DD20A6D16E00793950;
			remoteInfo = "OC知识点";
		};
		E74FD90220A6D17000793950 /* PBXContainerItemProxy */ = {
			isa = PBXContainerItemProxy;
			containerPortal = E74FD8D620A6D16E00793950 /* Project object */;
			proxyType = 1;
			remoteGlobalIDString = E74FD8DD20A6D16E00793950;
			remoteInfo = "OC知识点";
		};
/* End PBXContainerItemProxy section */

/* Begin PBXFileReference section */
		25ADB2CBB6DDD8998904187A /* Pods-OC知识点Tests.release.xcconfig */ = {isa = PBXFileReference; includeInIndex = 1; lastKnownFileType = text.xcconfig; name = "Pods-OC知识点Tests.release.xcconfig"; path = "Pods/Target Support Files/Pods-OC知识点Tests/Pods-OC知识点Tests.release.xcconfig"; sourceTree = "<group>"; };
		65DA2C5820B00BE2D6CFA5FA /* libPods-OC知识点.a */ = {isa = PBXFileReference; explicitFileType = archive.ar; includeInIndex = 0; path = "libPods-OC知识点.a"; sourceTree = BUILT_PRODUCTS_DIR; };
		A00CD6C5C87BEF81394F8CC7 /* Pods-OC知识点UITests.debug.xcconfig */ = {isa = PBXFileReference; includeInIndex = 1; lastKnownFileType = text.xcconfig; name = "Pods-OC知识点UITests.debug.xcconfig"; path = "Pods/Target Support Files/Pods-OC知识点UITests/Pods-OC知识点UITests.debug.xcconfig"; sourceTree = "<group>"; };
		A8D30D2CF71C132354D9D129 /* libPods-OC知识点Tests.a */ = {isa = PBXFileReference; explicitFileType = archive.ar; includeInIndex = 0; path = "libPods-OC知识点Tests.a"; sourceTree = BUILT_PRODUCTS_DIR; };
		B9EF7A7343C707C7658E4724 /* Pods-OC知识点UITests.release.xcconfig */ = {isa = PBXFileReference; includeInIndex = 1; lastKnownFileType = text.xcconfig; name = "Pods-OC知识点UITests.release.xcconfig"; path = "Pods/Target Support Files/Pods-OC知识点UITests/Pods-OC知识点UITests.release.xcconfig"; sourceTree = "<group>"; };
		C48D03432901EE1C6A20077E /* Pods-OC知识点Tests.debug.xcconfig */ = {isa = PBXFileReference; includeInIndex = 1; lastKnownFileType = text.xcconfig; name = "Pods-OC知识点Tests.debug.xcconfig"; path = "Pods/Target Support Files/Pods-OC知识点Tests/Pods-OC知识点Tests.debug.xcconfig"; sourceTree = "<group>"; };
		C5B1C3E6791257FFC08B5498 /* Pods-OC知识点.release.xcconfig */ = {isa = PBXFileReference; includeInIndex = 1; lastKnownFileType = text.xcconfig; name = "Pods-OC知识点.release.xcconfig"; path = "Pods/Target Support Files/Pods-OC知识点/Pods-OC知识点.release.xcconfig"; sourceTree = "<group>"; };
		CAFAE25817A71A3BB7142898 /* libPods-OC知识点UITests.a */ = {isa = PBXFileReference; explicitFileType = archive.ar; includeInIndex = 0; path = "libPods-OC知识点UITests.a"; sourceTree = BUILT_PRODUCTS_DIR; };
		E73F968120E75B89005BC55E /* MoveLayerViewController.h */ = {isa = PBXFileReference; lastKnownFileType = sourcecode.c.h; path = MoveLayerViewController.h; sourceTree = "<group>"; };
		E73F968220E75B89005BC55E /* MoveLayerViewController.m */ = {isa = PBXFileReference; lastKnownFileType = sourcecode.c.objc; path = MoveLayerViewController.m; sourceTree = "<group>"; };
		E74FD8DE20A6D16E00793950 /* OC知识点.app */ = {isa = PBXFileReference; explicitFileType = wrapper.application; includeInIndex = 0; path = "OC知识点.app"; sourceTree = BUILT_PRODUCTS_DIR; };
		E74FD8E120A6D16E00793950 /* AppDelegate.h */ = {isa = PBXFileReference; lastKnownFileType = sourcecode.c.h; path = AppDelegate.h; sourceTree = "<group>"; };
		E74FD8E220A6D16E00793950 /* AppDelegate.m */ = {isa = PBXFileReference; lastKnownFileType = sourcecode.c.objc; path = AppDelegate.m; sourceTree = "<group>"; };
		E74FD8EA20A6D17000793950 /* Assets.xcassets */ = {isa = PBXFileReference; lastKnownFileType = folder.assetcatalog; path = Assets.xcassets; sourceTree = "<group>"; };
		E74FD8ED20A6D17000793950 /* Base */ = {isa = PBXFileReference; lastKnownFileType = file.storyboard; name = Base; path = Base.lproj/LaunchScreen.storyboard; sourceTree = "<group>"; };
		E74FD8EF20A6D17000793950 /* Info.plist */ = {isa = PBXFileReference; lastKnownFileType = text.plist.xml; path = Info.plist; sourceTree = "<group>"; };
		E74FD8F020A6D17000793950 /* main.m */ = {isa = PBXFileReference; lastKnownFileType = sourcecode.c.objc; path = main.m; sourceTree = "<group>"; };
		E74FD8F620A6D17000793950 /* OC知识点Tests.xctest */ = {isa = PBXFileReference; explicitFileType = wrapper.cfbundle; includeInIndex = 0; path = "OC知识点Tests.xctest"; sourceTree = BUILT_PRODUCTS_DIR; };
		E74FD8FA20A6D17000793950 /* OC___Tests.m */ = {isa = PBXFileReference; lastKnownFileType = sourcecode.c.objc; path = "OC___Tests.m"; sourceTree = "<group>"; };
		E74FD8FC20A6D17000793950 /* Info.plist */ = {isa = PBXFileReference; lastKnownFileType = text.plist.xml; path = Info.plist; sourceTree = "<group>"; };
		E74FD90120A6D17000793950 /* OC知识点UITests.xctest */ = {isa = PBXFileReference; explicitFileType = wrapper.cfbundle; includeInIndex = 0; path = "OC知识点UITests.xctest"; sourceTree = BUILT_PRODUCTS_DIR; };
		E74FD90520A6D17000793950 /* OC___UITests.m */ = {isa = PBXFileReference; lastKnownFileType = sourcecode.c.objc; path = "OC___UITests.m"; sourceTree = "<group>"; };
		E74FD90720A6D17000793950 /* Info.plist */ = {isa = PBXFileReference; lastKnownFileType = text.plist.xml; path = Info.plist; sourceTree = "<group>"; };
		E74FD91320A6D40300793950 /* MainViewController.h */ = {isa = PBXFileReference; lastKnownFileType = sourcecode.c.h; path = MainViewController.h; sourceTree = "<group>"; };
		E74FD91420A6D40300793950 /* MainViewController.m */ = {isa = PBXFileReference; lastKnownFileType = sourcecode.c.objc; path = MainViewController.m; sourceTree = "<group>"; };
		E74FD91920A6D4E900793950 /* TestView.h */ = {isa = PBXFileReference; lastKnownFileType = sourcecode.c.h; path = TestView.h; sourceTree = "<group>"; };
		E74FD91A20A6D4E900793950 /* TestView.m */ = {isa = PBXFileReference; lastKnownFileType = sourcecode.c.objc; path = TestView.m; sourceTree = "<group>"; };
		E77D032020CBE54B007080E0 /* customDrawingView.h */ = {isa = PBXFileReference; lastKnownFileType = sourcecode.c.h; path = customDrawingView.h; sourceTree = "<group>"; };
		E77D032120CBE54B007080E0 /* customDrawingView.m */ = {isa = PBXFileReference; lastKnownFileType = sourcecode.c.objc; path = customDrawingView.m; sourceTree = "<group>"; };
		E79004E220A81FE700AE02F3 /* BlockTestObj.h */ = {isa = PBXFileReference; lastKnownFileType = sourcecode.c.h; path = BlockTestObj.h; sourceTree = "<group>"; };
		E79004E320A81FE700AE02F3 /* BlockTestObj.m */ = {isa = PBXFileReference; lastKnownFileType = sourcecode.c.objc; path = BlockTestObj.m; sourceTree = "<group>"; };
		E79004F020A8360000AE02F3 /* ThreadViewController.h */ = {isa = PBXFileReference; lastKnownFileType = sourcecode.c.h; path = ThreadViewController.h; sourceTree = "<group>"; };
		E79004F120A8360000AE02F3 /* ThreadViewController.m */ = {isa = PBXFileReference; lastKnownFileType = sourcecode.c.objc; path = ThreadViewController.m; sourceTree = "<group>"; };
		E7CE5B7320C8413800E72231 /* CoreAnimationViewController.h */ = {isa = PBXFileReference; lastKnownFileType = sourcecode.c.h; path = CoreAnimationViewController.h; sourceTree = "<group>"; };
		E7CE5B7420C8413800E72231 /* CoreAnimationViewController.m */ = {isa = PBXFileReference; lastKnownFileType = sourcecode.c.objc; path = CoreAnimationViewController.m; sourceTree = "<group>"; };
		E7DA9D9820AC89B4009E016A /* RunLoopViewController.m */ = {isa = PBXFileReference; fileEncoding = 4; lastKnownFileType = sourcecode.c.objc; path = RunLoopViewController.m; sourceTree = "<group>"; };
		E7DA9D9920AC89B4009E016A /* RunLoopViewController.h */ = {isa = PBXFileReference; fileEncoding = 4; lastKnownFileType = sourcecode.c.h; path = RunLoopViewController.h; sourceTree = "<group>"; };
		E7F135D220B5B4A3004EEF3D /* StudyMessageViewController.h */ = {isa = PBXFileReference; lastKnownFileType = sourcecode.c.h; path = StudyMessageViewController.h; sourceTree = "<group>"; };
		E7F135D320B5B4A3004EEF3D /* StudyMessageViewController.m */ = {isa = PBXFileReference; lastKnownFileType = sourcecode.c.objc; path = StudyMessageViewController.m; sourceTree = "<group>"; };
		E7F135D520B5B736004EEF3D /* StudyMessageObj.h */ = {isa = PBXFileReference; lastKnownFileType = sourcecode.c.h; path = StudyMessageObj.h; sourceTree = "<group>"; };
		E7F135D620B5B736004EEF3D /* StudyMessageObj.m */ = {isa = PBXFileReference; lastKnownFileType = sourcecode.c.objc; path = StudyMessageObj.m; sourceTree = "<group>"; };
		E7F135D920B703DA004EEF3D /* StudyMessageSunObj.h */ = {isa = PBXFileReference; lastKnownFileType = sourcecode.c.h; path = StudyMessageSunObj.h; sourceTree = "<group>"; };
		E7F135DA20B703DA004EEF3D /* StudyMessageSunObj.m */ = {isa = PBXFileReference; lastKnownFileType = sourcecode.c.objc; path = StudyMessageSunObj.m; sourceTree = "<group>"; };
		E7F135DC20B70B10004EEF3D /* StudyMessageTar.h */ = {isa = PBXFileReference; lastKnownFileType = sourcecode.c.h; path = StudyMessageTar.h; sourceTree = "<group>"; };
		E7F135DD20B70B10004EEF3D /* StudyMessageTar.m */ = {isa = PBXFileReference; lastKnownFileType = sourcecode.c.objc; path = StudyMessageTar.m; sourceTree = "<group>"; };
		F4F7C172359C07C20CE63310 /* Pods-OC知识点.debug.xcconfig */ = {isa = PBXFileReference; includeInIndex = 1; lastKnownFileType = text.xcconfig; name = "Pods-OC知识点.debug.xcconfig"; path = "Pods/Target Support Files/Pods-OC知识点/Pods-OC知识点.debug.xcconfig"; sourceTree = "<group>"; };
/* End PBXFileReference section */

/* Begin PBXFrameworksBuildPhase section */
		E74FD8DB20A6D16E00793950 /* Frameworks */ = {
			isa = PBXFrameworksBuildPhase;
			buildActionMask = 2147483647;
			files = (
				C15847AB5AE88EC2B44DBFF4 /* libPods-OC知识点.a in Frameworks */,
			);
			runOnlyForDeploymentPostprocessing = 0;
		};
		E74FD8F320A6D17000793950 /* Frameworks */ = {
			isa = PBXFrameworksBuildPhase;
			buildActionMask = 2147483647;
			files = (
				8E1E7D8C176CF92995596227 /* libPods-OC知识点Tests.a in Frameworks */,
			);
			runOnlyForDeploymentPostprocessing = 0;
		};
		E74FD8FE20A6D17000793950 /* Frameworks */ = {
			isa = PBXFrameworksBuildPhase;
			buildActionMask = 2147483647;
			files = (
				C75D46C2DB1D4F82CBB58539 /* libPods-OC知识点UITests.a in Frameworks */,
			);
			runOnlyForDeploymentPostprocessing = 0;
		};
/* End PBXFrameworksBuildPhase section */

/* Begin PBXGroup section */
		AAA3BFA7B0B5FAA786DD68B9 /* Pods */ = {
			isa = PBXGroup;
			children = (
				F4F7C172359C07C20CE63310 /* Pods-OC知识点.debug.xcconfig */,
				C5B1C3E6791257FFC08B5498 /* Pods-OC知识点.release.xcconfig */,
				C48D03432901EE1C6A20077E /* Pods-OC知识点Tests.debug.xcconfig */,
				25ADB2CBB6DDD8998904187A /* Pods-OC知识点Tests.release.xcconfig */,
				A00CD6C5C87BEF81394F8CC7 /* Pods-OC知识点UITests.debug.xcconfig */,
				B9EF7A7343C707C7658E4724 /* Pods-OC知识点UITests.release.xcconfig */,
			);
			name = Pods;
			sourceTree = "<group>";
		};
		B8547EBFD93829FFA037CC1E /* Frameworks */ = {
			isa = PBXGroup;
			children = (
				65DA2C5820B00BE2D6CFA5FA /* libPods-OC知识点.a */,
				A8D30D2CF71C132354D9D129 /* libPods-OC知识点Tests.a */,
				CAFAE25817A71A3BB7142898 /* libPods-OC知识点UITests.a */,
			);
			name = Frameworks;
			sourceTree = "<group>";
		};
		E74FD8D520A6D16E00793950 = {
			isa = PBXGroup;
			children = (
				E74FD8E020A6D16E00793950 /* OC知识点 */,
				E74FD8F920A6D17000793950 /* OC知识点Tests */,
				E74FD90420A6D17000793950 /* OC知识点UITests */,
				E74FD8DF20A6D16E00793950 /* Products */,
				AAA3BFA7B0B5FAA786DD68B9 /* Pods */,
				B8547EBFD93829FFA037CC1E /* Frameworks */,
			);
			sourceTree = "<group>";
		};
		E74FD8DF20A6D16E00793950 /* Products */ = {
			isa = PBXGroup;
			children = (
				E74FD8DE20A6D16E00793950 /* OC知识点.app */,
				E74FD8F620A6D17000793950 /* OC知识点Tests.xctest */,
				E74FD90120A6D17000793950 /* OC知识点UITests.xctest */,
			);
			name = Products;
			sourceTree = "<group>";
		};
		E74FD8E020A6D16E00793950 /* OC知识点 */ = {
			isa = PBXGroup;
			children = (
				E74FD8E120A6D16E00793950 /* AppDelegate.h */,
				E74FD8E220A6D16E00793950 /* AppDelegate.m */,
				E74FD91320A6D40300793950 /* MainViewController.h */,
				E74FD91420A6D40300793950 /* MainViewController.m */,
				E7CE5B6F20C8411400E72231 /* CoreAnimation */,
				E7F135CE20B5B494004EEF3D /* 消息机制 */,
				E7DA9D9620AC89B4009E016A /* RunLoop */,
				E79004E920A832CF00AE02F3 /* 多线程 */,
				E79004E720A832AB00AE02F3 /* 回调 */,
				E79004E520A8327900AE02F3 /* Block */,
				E74FD8EA20A6D17000793950 /* Assets.xcassets */,
				E74FD8EC20A6D17000793950 /* LaunchScreen.storyboard */,
				E74FD8EF20A6D17000793950 /* Info.plist */,
				E74FD8F020A6D17000793950 /* main.m */,
			);
			path = "OC知识点";
			sourceTree = "<group>";
		};
		E74FD8F920A6D17000793950 /* OC知识点Tests */ = {
			isa = PBXGroup;
			children = (
				E74FD8FA20A6D17000793950 /* OC___Tests.m */,
				E74FD8FC20A6D17000793950 /* Info.plist */,
			);
			path = "OC知识点Tests";
			sourceTree = "<group>";
		};
		E74FD90420A6D17000793950 /* OC知识点UITests */ = {
			isa = PBXGroup;
			children = (
				E74FD90520A6D17000793950 /* OC___UITests.m */,
				E74FD90720A6D17000793950 /* Info.plist */,
			);
			path = "OC知识点UITests";
			sourceTree = "<group>";
		};
		E79004E520A8327900AE02F3 /* Block */ = {
			isa = PBXGroup;
			children = (
				E79004E220A81FE700AE02F3 /* BlockTestObj.h */,
				E79004E320A81FE700AE02F3 /* BlockTestObj.m */,
			);
			path = Block;
			sourceTree = "<group>";
		};
		E79004E720A832AB00AE02F3 /* 回调 */ = {
			isa = PBXGroup;
			children = (
				E74FD91920A6D4E900793950 /* TestView.h */,
				E74FD91A20A6D4E900793950 /* TestView.m */,
			);
			path = "回调";
			sourceTree = "<group>";
		};
		E79004E920A832CF00AE02F3 /* 多线程 */ = {
			isa = PBXGroup;
			children = (
				E79004EE20A835CE00AE02F3 /* Controller */,
				E79004EF20A835CE00AE02F3 /* Model */,
				E79004ED20A835CE00AE02F3 /* View */,
			);
			path = "多线程";
			sourceTree = "<group>";
		};
		E79004ED20A835CE00AE02F3 /* View */ = {
			isa = PBXGroup;
			children = (
			);
			path = View;
			sourceTree = "<group>";
		};
		E79004EE20A835CE00AE02F3 /* Controller */ = {
			isa = PBXGroup;
			children = (
				E79004F020A8360000AE02F3 /* ThreadViewController.h */,
				E79004F120A8360000AE02F3 /* ThreadViewController.m */,
			);
			path = Controller;
			sourceTree = "<group>";
		};
		E79004EF20A835CE00AE02F3 /* Model */ = {
			isa = PBXGroup;
			children = (
			);
			path = Model;
			sourceTree = "<group>";
		};
		E7CE5B6F20C8411400E72231 /* CoreAnimation */ = {
			isa = PBXGroup;
			children = (
				E7CE5B7020C8411400E72231 /* Controller */,
				E7CE5B7120C8411400E72231 /* Model */,
				E7CE5B7220C8411400E72231 /* View */,
			);
			name = CoreAnimation;
			path = "OC知识点/CoreAnimation";
			sourceTree = SOURCE_ROOT;
		};
		E7CE5B7020C8411400E72231 /* Controller */ = {
			isa = PBXGroup;
			children = (
				E7CE5B7320C8413800E72231 /* CoreAnimationViewController.h */,
				E7CE5B7420C8413800E72231 /* CoreAnimationViewController.m */,
				E73F968120E75B89005BC55E /* MoveLayerViewController.h */,
				E73F968220E75B89005BC55E /* MoveLayerViewController.m */,
			);
			path = Controller;
			sourceTree = "<group>";
		};
		E7CE5B7120C8411400E72231 /* Model */ = {
			isa = PBXGroup;
			children = (
			);
			path = Model;
			sourceTree = "<group>";
		};
		E7CE5B7220C8411400E72231 /* View */ = {
			isa = PBXGroup;
			children = (
				E77D032020CBE54B007080E0 /* customDrawingView.h */,
				E77D032120CBE54B007080E0 /* customDrawingView.m */,
			);
			path = View;
			sourceTree = "<group>";
		};
		E7DA9D9620AC89B4009E016A /* RunLoop */ = {
			isa = PBXGroup;
			children = (
				E7DA9D9720AC89B4009E016A /* Controller */,
				E7DA9D9A20AC89B4009E016A /* Model */,
				E7DA9D9B20AC89B4009E016A /* View */,
			);
			path = RunLoop;
			sourceTree = "<group>";
		};
		E7DA9D9720AC89B4009E016A /* Controller */ = {
			isa = PBXGroup;
			children = (
				E7DA9D9920AC89B4009E016A /* RunLoopViewController.h */,
				E7DA9D9820AC89B4009E016A /* RunLoopViewController.m */,
			);
			path = Controller;
			sourceTree = "<group>";
		};
		E7DA9D9A20AC89B4009E016A /* Model */ = {
			isa = PBXGroup;
			children = (
			);
			path = Model;
			sourceTree = "<group>";
		};
		E7DA9D9B20AC89B4009E016A /* View */ = {
			isa = PBXGroup;
			children = (
			);
			path = View;
			sourceTree = "<group>";
		};
		E7F135CE20B5B494004EEF3D /* 消息机制 */ = {
			isa = PBXGroup;
			children = (
				E7F135CF20B5B494004EEF3D /* Controller */,
				E7F135D020B5B494004EEF3D /* Model */,
				E7F135D120B5B494004EEF3D /* View */,
			);
			path = "消息机制";
			sourceTree = "<group>";
		};
		E7F135CF20B5B494004EEF3D /* Controller */ = {
			isa = PBXGroup;
			children = (
				E7F135D220B5B4A3004EEF3D /* StudyMessageViewController.h */,
				E7F135D320B5B4A3004EEF3D /* StudyMessageViewController.m */,
			);
			path = Controller;
			sourceTree = "<group>";
		};
		E7F135D020B5B494004EEF3D /* Model */ = {
			isa = PBXGroup;
			children = (
				E7F135D520B5B736004EEF3D /* StudyMessageObj.h */,
				E7F135D620B5B736004EEF3D /* StudyMessageObj.m */,
				E7F135D920B703DA004EEF3D /* StudyMessageSunObj.h */,
				E7F135DA20B703DA004EEF3D /* StudyMessageSunObj.m */,
				E7F135DC20B70B10004EEF3D /* StudyMessageTar.h */,
				E7F135DD20B70B10004EEF3D /* StudyMessageTar.m */,
			);
			path = Model;
			sourceTree = "<group>";
		};
		E7F135D120B5B494004EEF3D /* View */ = {
			isa = PBXGroup;
			children = (
			);
			path = View;
			sourceTree = "<group>";
		};
/* End PBXGroup section */

/* Begin PBXNativeTarget section */
		E74FD8DD20A6D16E00793950 /* OC知识点 */ = {
			isa = PBXNativeTarget;
			buildConfigurationList = E74FD90A20A6D17000793950 /* Build configuration list for PBXNativeTarget "OC知识点" */;
			buildPhases = (
				82DB5B75E7F31F820AF0D92F /* [CP] Check Pods Manifest.lock */,
				E74FD8DA20A6D16E00793950 /* Sources */,
				E74FD8DB20A6D16E00793950 /* Frameworks */,
				E74FD8DC20A6D16E00793950 /* Resources */,
				D0D4536852AD7044BDBBF8B6 /* [CP] Embed Pods Frameworks */,
				C121A63F3A12AA8DF43EEB3F /* [CP] Copy Pods Resources */,
			);
			buildRules = (
			);
			dependencies = (
			);
			name = "OC知识点";
			productName = "OC知识点";
			productReference = E74FD8DE20A6D16E00793950 /* OC知识点.app */;
			productType = "com.apple.product-type.application";
		};
		E74FD8F520A6D17000793950 /* OC知识点Tests */ = {
			isa = PBXNativeTarget;
			buildConfigurationList = E74FD90D20A6D17000793950 /* Build configuration list for PBXNativeTarget "OC知识点Tests" */;
			buildPhases = (
				53C745EEBA531B06BD7874FC /* [CP] Check Pods Manifest.lock */,
				E74FD8F220A6D17000793950 /* Sources */,
				E74FD8F320A6D17000793950 /* Frameworks */,
				E74FD8F420A6D17000793950 /* Resources */,
				6EE2A2E7567A3F05BACE5ADF /* [CP] Embed Pods Frameworks */,
				0A85688B812830603273F26E /* [CP] Copy Pods Resources */,
			);
			buildRules = (
			);
			dependencies = (
				E74FD8F820A6D17000793950 /* PBXTargetDependency */,
			);
			name = "OC知识点Tests";
			productName = "OC知识点Tests";
			productReference = E74FD8F620A6D17000793950 /* OC知识点Tests.xctest */;
			productType = "com.apple.product-type.bundle.unit-test";
		};
		E74FD90020A6D17000793950 /* OC知识点UITests */ = {
			isa = PBXNativeTarget;
			buildConfigurationList = E74FD91020A6D17000793950 /* Build configuration list for PBXNativeTarget "OC知识点UITests" */;
			buildPhases = (
				C40C385E43C0429959861918 /* [CP] Check Pods Manifest.lock */,
				E74FD8FD20A6D17000793950 /* Sources */,
				E74FD8FE20A6D17000793950 /* Frameworks */,
				E74FD8FF20A6D17000793950 /* Resources */,
				67A73EC067189F6099E6BEFA /* [CP] Embed Pods Frameworks */,
				507F1951CBF347EB2B77A65E /* [CP] Copy Pods Resources */,
			);
			buildRules = (
			);
			dependencies = (
				E74FD90320A6D17000793950 /* PBXTargetDependency */,
			);
			name = "OC知识点UITests";
			productName = "OC知识点UITests";
			productReference = E74FD90120A6D17000793950 /* OC知识点UITests.xctest */;
			productType = "com.apple.product-type.bundle.ui-testing";
		};
/* End PBXNativeTarget section */

/* Begin PBXProject section */
		E74FD8D620A6D16E00793950 /* Project object */ = {
			isa = PBXProject;
			attributes = {
				LastUpgradeCheck = 0930;
				ORGANIZATIONNAME = Alan;
				TargetAttributes = {
					E74FD8DD20A6D16E00793950 = {
						CreatedOnToolsVersion = 9.3;
					};
					E74FD8F520A6D17000793950 = {
						CreatedOnToolsVersion = 9.3;
						TestTargetID = E74FD8DD20A6D16E00793950;
					};
					E74FD90020A6D17000793950 = {
						CreatedOnToolsVersion = 9.3;
						TestTargetID = E74FD8DD20A6D16E00793950;
					};
				};
			};
			buildConfigurationList = E74FD8D920A6D16E00793950 /* Build configuration list for PBXProject "OC知识点" */;
			compatibilityVersion = "Xcode 9.3";
			developmentRegion = en;
			hasScannedForEncodings = 0;
			knownRegions = (
				en,
				Base,
			);
			mainGroup = E74FD8D520A6D16E00793950;
			productRefGroup = E74FD8DF20A6D16E00793950 /* Products */;
			projectDirPath = "";
			projectRoot = "";
			targets = (
				E74FD8DD20A6D16E00793950 /* OC知识点 */,
				E74FD8F520A6D17000793950 /* OC知识点Tests */,
				E74FD90020A6D17000793950 /* OC知识点UITests */,
			);
		};
/* End PBXProject section */

/* Begin PBXResourcesBuildPhase section */
		E74FD8DC20A6D16E00793950 /* Resources */ = {
			isa = PBXResourcesBuildPhase;
			buildActionMask = 2147483647;
			files = (
				E74FD8EE20A6D17000793950 /* LaunchScreen.storyboard in Resources */,
				E74FD8EB20A6D17000793950 /* Assets.xcassets in Resources */,
			);
			runOnlyForDeploymentPostprocessing = 0;
		};
		E74FD8F420A6D17000793950 /* Resources */ = {
			isa = PBXResourcesBuildPhase;
			buildActionMask = 2147483647;
			files = (
			);
			runOnlyForDeploymentPostprocessing = 0;
		};
		E74FD8FF20A6D17000793950 /* Resources */ = {
			isa = PBXResourcesBuildPhase;
			buildActionMask = 2147483647;
			files = (
			);
			runOnlyForDeploymentPostprocessing = 0;
		};
/* End PBXResourcesBuildPhase section */

/* Begin PBXShellScriptBuildPhase section */
		0A85688B812830603273F26E /* [CP] Copy Pods Resources */ = {
			isa = PBXShellScriptBuildPhase;
			buildActionMask = 2147483647;
			files = (
			);
			inputPaths = (
			);
			name = "[CP] Copy Pods Resources";
			outputPaths = (
			);
			runOnlyForDeploymentPostprocessing = 0;
			shellPath = /bin/sh;
			shellScript = "\"${SRCROOT}/Pods/Target Support Files/Pods-OC知识点Tests/Pods-OC知识点Tests-resources.sh\"\n";
			showEnvVarsInLog = 0;
		};
		507F1951CBF347EB2B77A65E /* [CP] Copy Pods Resources */ = {
			isa = PBXShellScriptBuildPhase;
			buildActionMask = 2147483647;
			files = (
			);
			inputPaths = (
			);
			name = "[CP] Copy Pods Resources";
			outputPaths = (
			);
			runOnlyForDeploymentPostprocessing = 0;
			shellPath = /bin/sh;
			shellScript = "\"${SRCROOT}/Pods/Target Support Files/Pods-OC知识点UITests/Pods-OC知识点UITests-resources.sh\"\n";
			showEnvVarsInLog = 0;
		};
		53C745EEBA531B06BD7874FC /* [CP] Check Pods Manifest.lock */ = {
			isa = PBXShellScriptBuildPhase;
			buildActionMask = 2147483647;
			files = (
			);
			inputPaths = (
			);
			name = "[CP] Check Pods Manifest.lock";
			outputPaths = (
			);
			runOnlyForDeploymentPostprocessing = 0;
			shellPath = /bin/sh;
			shellScript = "diff \"${PODS_ROOT}/../Podfile.lock\" \"${PODS_ROOT}/Manifest.lock\" > /dev/null\nif [ $? != 0 ] ; then\n    # print error to STDERR\n    echo \"error: The sandbox is not in sync with the Podfile.lock. Run 'pod install' or update your CocoaPods installation.\" >&2\n    exit 1\nfi\n";
			showEnvVarsInLog = 0;
		};
		67A73EC067189F6099E6BEFA /* [CP] Embed Pods Frameworks */ = {
			isa = PBXShellScriptBuildPhase;
			buildActionMask = 2147483647;
			files = (
			);
			inputPaths = (
			);
			name = "[CP] Embed Pods Frameworks";
			outputPaths = (
			);
			runOnlyForDeploymentPostprocessing = 0;
			shellPath = /bin/sh;
			shellScript = "\"${SRCROOT}/Pods/Target Support Files/Pods-OC知识点UITests/Pods-OC知识点UITests-frameworks.sh\"\n";
			showEnvVarsInLog = 0;
		};
		6EE2A2E7567A3F05BACE5ADF /* [CP] Embed Pods Frameworks */ = {
			isa = PBXShellScriptBuildPhase;
			buildActionMask = 2147483647;
			files = (
			);
			inputPaths = (
			);
			name = "[CP] Embed Pods Frameworks";
			outputPaths = (
			);
			runOnlyForDeploymentPostprocessing = 0;
			shellPath = /bin/sh;
			shellScript = "\"${SRCROOT}/Pods/Target Support Files/Pods-OC知识点Tests/Pods-OC知识点Tests-frameworks.sh\"\n";
			showEnvVarsInLog = 0;
		};
		82DB5B75E7F31F820AF0D92F /* [CP] Check Pods Manifest.lock */ = {
			isa = PBXShellScriptBuildPhase;
			buildActionMask = 2147483647;
			files = (
			);
			inputPaths = (
			);
			name = "[CP] Check Pods Manifest.lock";
			outputPaths = (
			);
			runOnlyForDeploymentPostprocessing = 0;
			shellPath = /bin/sh;
			shellScript = "diff \"${PODS_ROOT}/../Podfile.lock\" \"${PODS_ROOT}/Manifest.lock\" > /dev/null\nif [ $? != 0 ] ; then\n    # print error to STDERR\n    echo \"error: The sandbox is not in sync with the Podfile.lock. Run 'pod install' or update your CocoaPods installation.\" >&2\n    exit 1\nfi\n";
			showEnvVarsInLog = 0;
		};
		C121A63F3A12AA8DF43EEB3F /* [CP] Copy Pods Resources */ = {
			isa = PBXShellScriptBuildPhase;
			buildActionMask = 2147483647;
			files = (
			);
			inputPaths = (
			);
			name = "[CP] Copy Pods Resources";
			outputPaths = (
			);
			runOnlyForDeploymentPostprocessing = 0;
			shellPath = /bin/sh;
			shellScript = "\"${SRCROOT}/Pods/Target Support Files/Pods-OC知识点/Pods-OC知识点-resources.sh\"\n";
			showEnvVarsInLog = 0;
		};
		C40C385E43C0429959861918 /* [CP] Check Pods Manifest.lock */ = {
			isa = PBXShellScriptBuildPhase;
			buildActionMask = 2147483647;
			files = (
			);
			inputPaths = (
			);
			name = "[CP] Check Pods Manifest.lock";
			outputPaths = (
			);
			runOnlyForDeploymentPostprocessing = 0;
			shellPath = /bin/sh;
			shellScript = "diff \"${PODS_ROOT}/../Podfile.lock\" \"${PODS_ROOT}/Manifest.lock\" > /dev/null\nif [ $? != 0 ] ; then\n    # print error to STDERR\n    echo \"error: The sandbox is not in sync with the Podfile.lock. Run 'pod install' or update your CocoaPods installation.\" >&2\n    exit 1\nfi\n";
			showEnvVarsInLog = 0;
		};
		D0D4536852AD7044BDBBF8B6 /* [CP] Embed Pods Frameworks */ = {
			isa = PBXShellScriptBuildPhase;
			buildActionMask = 2147483647;
			files = (
			);
			inputPaths = (
			);
			name = "[CP] Embed Pods Frameworks";
			outputPaths = (
			);
			runOnlyForDeploymentPostprocessing = 0;
			shellPath = /bin/sh;
			shellScript = "\"${SRCROOT}/Pods/Target Support Files/Pods-OC知识点/Pods-OC知识点-frameworks.sh\"\n";
			showEnvVarsInLog = 0;
		};
/* End PBXShellScriptBuildPhase section */

/* Begin PBXSourcesBuildPhase section */
		E74FD8DA20A6D16E00793950 /* Sources */ = {
			isa = PBXSourcesBuildPhase;
			buildActionMask = 2147483647;
			files = (
				E7DA9D9C20AC89B4009E016A /* RunLoopViewController.m in Sources */,
				E73F968320E75B89005BC55E /* MoveLayerViewController.m in Sources */,
				E79004F220A8360000AE02F3 /* ThreadViewController.m in Sources */,
				E79004E420A81FE700AE02F3 /* BlockTestObj.m in Sources */,
				E77D032220CBE54B007080E0 /* customDrawingView.m in Sources */,
				E7F135DE20B70B10004EEF3D /* StudyMessageTar.m in Sources */,
				E7CE5B7520C8413800E72231 /* CoreAnimationViewController.m in Sources */,
				E7F135D720B5B736004EEF3D /* StudyMessageObj.m in Sources */,
				E74FD91B20A6D4E900793950 /* TestView.m in Sources */,
				E7F135D420B5B4A3004EEF3D /* StudyMessageViewController.m in Sources */,
				E74FD8F120A6D17000793950 /* main.m in Sources */,
				E74FD91520A6D40300793950 /* MainViewController.m in Sources */,
				E7F135DB20B703DA004EEF3D /* StudyMessageSunObj.m in Sources */,
				E74FD8E320A6D16E00793950 /* AppDelegate.m in Sources */,
			);
			runOnlyForDeploymentPostprocessing = 0;
		};
		E74FD8F220A6D17000793950 /* Sources */ = {
			isa = PBXSourcesBuildPhase;
			buildActionMask = 2147483647;
			files = (
				E74FD8FB20A6D17000793950 /* OC___Tests.m in Sources */,
			);
			runOnlyForDeploymentPostprocessing = 0;
		};
		E74FD8FD20A6D17000793950 /* Sources */ = {
			isa = PBXSourcesBuildPhase;
			buildActionMask = 2147483647;
			files = (
				E74FD90620A6D17000793950 /* OC___UITests.m in Sources */,
			);
			runOnlyForDeploymentPostprocessing = 0;
		};
/* End PBXSourcesBuildPhase section */

/* Begin PBXTargetDependency section */
		E74FD8F820A6D17000793950 /* PBXTargetDependency */ = {
			isa = PBXTargetDependency;
			target = E74FD8DD20A6D16E00793950 /* OC知识点 */;
			targetProxy = E74FD8F720A6D17000793950 /* PBXContainerItemProxy */;
		};
		E74FD90320A6D17000793950 /* PBXTargetDependency */ = {
			isa = PBXTargetDependency;
			target = E74FD8DD20A6D16E00793950 /* OC知识点 */;
			targetProxy = E74FD90220A6D17000793950 /* PBXContainerItemProxy */;
		};
/* End PBXTargetDependency section */

/* Begin PBXVariantGroup section */
		E74FD8EC20A6D17000793950 /* LaunchScreen.storyboard */ = {
			isa = PBXVariantGroup;
			children = (
				E74FD8ED20A6D17000793950 /* Base */,
			);
			name = LaunchScreen.storyboard;
			sourceTree = "<group>";
		};
/* End PBXVariantGroup section */

/* Begin XCBuildConfiguration section */
		E74FD90820A6D17000793950 /* Debug */ = {
			isa = XCBuildConfiguration;
			buildSettings = {
				ALWAYS_SEARCH_USER_PATHS = NO;
				CLANG_ANALYZER_NONNULL = YES;
				CLANG_ANALYZER_NUMBER_OBJECT_CONVERSION = YES_AGGRESSIVE;
				CLANG_CXX_LANGUAGE_STANDARD = "gnu++14";
				CLANG_CXX_LIBRARY = "libc++";
				CLANG_ENABLE_MODULES = YES;
				CLANG_ENABLE_OBJC_ARC = YES;
				CLANG_ENABLE_OBJC_WEAK = YES;
				CLANG_WARN_BLOCK_CAPTURE_AUTORELEASING = YES;
				CLANG_WARN_BOOL_CONVERSION = YES;
				CLANG_WARN_COMMA = YES;
				CLANG_WARN_CONSTANT_CONVERSION = YES;
				CLANG_WARN_DEPRECATED_OBJC_IMPLEMENTATIONS = YES;
				CLANG_WARN_DIRECT_OBJC_ISA_USAGE = YES_ERROR;
				CLANG_WARN_DOCUMENTATION_COMMENTS = YES;
				CLANG_WARN_EMPTY_BODY = YES;
				CLANG_WARN_ENUM_CONVERSION = YES;
				CLANG_WARN_INFINITE_RECURSION = YES;
				CLANG_WARN_INT_CONVERSION = YES;
				CLANG_WARN_NON_LITERAL_NULL_CONVERSION = YES;
				CLANG_WARN_OBJC_IMPLICIT_RETAIN_SELF = YES;
				CLANG_WARN_OBJC_LITERAL_CONVERSION = YES;
				CLANG_WARN_OBJC_ROOT_CLASS = YES_ERROR;
				CLANG_WARN_RANGE_LOOP_ANALYSIS = YES;
				CLANG_WARN_STRICT_PROTOTYPES = YES;
				CLANG_WARN_SUSPICIOUS_MOVE = YES;
				CLANG_WARN_UNGUARDED_AVAILABILITY = YES_AGGRESSIVE;
				CLANG_WARN_UNREACHABLE_CODE = YES;
				CLANG_WARN__DUPLICATE_METHOD_MATCH = YES;
				CODE_SIGN_IDENTITY = "iPhone Developer";
				COPY_PHASE_STRIP = NO;
				DEBUG_INFORMATION_FORMAT = dwarf;
				ENABLE_STRICT_OBJC_MSGSEND = YES;
				ENABLE_TESTABILITY = YES;
				GCC_C_LANGUAGE_STANDARD = gnu11;
				GCC_DYNAMIC_NO_PIC = NO;
				GCC_NO_COMMON_BLOCKS = YES;
				GCC_OPTIMIZATION_LEVEL = 0;
				GCC_PREPROCESSOR_DEFINITIONS = (
					"DEBUG=1",
					"$(inherited)",
				);
				GCC_WARN_64_TO_32_BIT_CONVERSION = YES;
				GCC_WARN_ABOUT_RETURN_TYPE = YES_ERROR;
				GCC_WARN_UNDECLARED_SELECTOR = YES;
				GCC_WARN_UNINITIALIZED_AUTOS = YES_AGGRESSIVE;
				GCC_WARN_UNUSED_FUNCTION = YES;
				GCC_WARN_UNUSED_VARIABLE = YES;
				IPHONEOS_DEPLOYMENT_TARGET = 11.3;
				MTL_ENABLE_DEBUG_INFO = YES;
				ONLY_ACTIVE_ARCH = YES;
				SDKROOT = iphoneos;
			};
			name = Debug;
		};
		E74FD90920A6D17000793950 /* Release */ = {
			isa = XCBuildConfiguration;
			buildSettings = {
				ALWAYS_SEARCH_USER_PATHS = NO;
				CLANG_ANALYZER_NONNULL = YES;
				CLANG_ANALYZER_NUMBER_OBJECT_CONVERSION = YES_AGGRESSIVE;
				CLANG_CXX_LANGUAGE_STANDARD = "gnu++14";
				CLANG_CXX_LIBRARY = "libc++";
				CLANG_ENABLE_MODULES = YES;
				CLANG_ENABLE_OBJC_ARC = YES;
				CLANG_ENABLE_OBJC_WEAK = YES;
				CLANG_WARN_BLOCK_CAPTURE_AUTORELEASING = YES;
				CLANG_WARN_BOOL_CONVERSION = YES;
				CLANG_WARN_COMMA = YES;
				CLANG_WARN_CONSTANT_CONVERSION = YES;
				CLANG_WARN_DEPRECATED_OBJC_IMPLEMENTATIONS = YES;
				CLANG_WARN_DIRECT_OBJC_ISA_USAGE = YES_ERROR;
				CLANG_WARN_DOCUMENTATION_COMMENTS = YES;
				CLANG_WARN_EMPTY_BODY = YES;
				CLANG_WARN_ENUM_CONVERSION = YES;
				CLANG_WARN_INFINITE_RECURSION = YES;
				CLANG_WARN_INT_CONVERSION = YES;
				CLANG_WARN_NON_LITERAL_NULL_CONVERSION = YES;
				CLANG_WARN_OBJC_IMPLICIT_RETAIN_SELF = YES;
				CLANG_WARN_OBJC_LITERAL_CONVERSION = YES;
				CLANG_WARN_OBJC_ROOT_CLASS = YES_ERROR;
				CLANG_WARN_RANGE_LOOP_ANALYSIS = YES;
				CLANG_WARN_STRICT_PROTOTYPES = YES;
				CLANG_WARN_SUSPICIOUS_MOVE = YES;
				CLANG_WARN_UNGUARDED_AVAILABILITY = YES_AGGRESSIVE;
				CLANG_WARN_UNREACHABLE_CODE = YES;
				CLANG_WARN__DUPLICATE_METHOD_MATCH = YES;
				CODE_SIGN_IDENTITY = "iPhone Developer";
				COPY_PHASE_STRIP = NO;
				DEBUG_INFORMATION_FORMAT = "dwarf-with-dsym";
				ENABLE_NS_ASSERTIONS = NO;
				ENABLE_STRICT_OBJC_MSGSEND = YES;
				GCC_C_LANGUAGE_STANDARD = gnu11;
				GCC_NO_COMMON_BLOCKS = YES;
				GCC_WARN_64_TO_32_BIT_CONVERSION = YES;
				GCC_WARN_ABOUT_RETURN_TYPE = YES_ERROR;
				GCC_WARN_UNDECLARED_SELECTOR = YES;
				GCC_WARN_UNINITIALIZED_AUTOS = YES_AGGRESSIVE;
				GCC_WARN_UNUSED_FUNCTION = YES;
				GCC_WARN_UNUSED_VARIABLE = YES;
				IPHONEOS_DEPLOYMENT_TARGET = 11.3;
				MTL_ENABLE_DEBUG_INFO = NO;
				SDKROOT = iphoneos;
				VALIDATE_PRODUCT = YES;
			};
			name = Release;
		};
		E74FD90B20A6D17000793950 /* Debug */ = {
			isa = XCBuildConfiguration;
			baseConfigurationReference = F4F7C172359C07C20CE63310 /* Pods-OC知识点.debug.xcconfig */;
			buildSettings = {
				ASSETCATALOG_COMPILER_APPICON_NAME = AppIcon;
				CODE_SIGN_STYLE = Manual;
				DEVELOPMENT_TEAM = "";
				INFOPLIST_FILE = "OC知识点/Info.plist";
				LD_RUNPATH_SEARCH_PATHS = (
					"$(inherited)",
					"@executable_path/Frameworks",
				);
				PRODUCT_BUNDLE_IDENTIFIER = "com.baidu.aa--.OC---";
				PRODUCT_NAME = "$(TARGET_NAME)";
				PROVISIONING_PROFILE_SPECIFIER = "";
				TARGETED_DEVICE_FAMILY = "1,2";
			};
			name = Debug;
		};
		E74FD90C20A6D17000793950 /* Release */ = {
			isa = XCBuildConfiguration;
			baseConfigurationReference = C5B1C3E6791257FFC08B5498 /* Pods-OC知识点.release.xcconfig */;
			buildSettings = {
				ASSETCATALOG_COMPILER_APPICON_NAME = AppIcon;
				CODE_SIGN_STYLE = Manual;
				DEVELOPMENT_TEAM = "";
				INFOPLIST_FILE = "OC知识点/Info.plist";
				LD_RUNPATH_SEARCH_PATHS = (
					"$(inherited)",
					"@executable_path/Frameworks",
				);
				PRODUCT_BUNDLE_IDENTIFIER = "com.baidu.aa--.OC---";
				PRODUCT_NAME = "$(TARGET_NAME)";
				PROVISIONING_PROFILE_SPECIFIER = "";
				TARGETED_DEVICE_FAMILY = "1,2";
			};
			name = Release;
		};
		E74FD90E20A6D17000793950 /* Debug */ = {
			isa = XCBuildConfiguration;
			baseConfigurationReference = C48D03432901EE1C6A20077E /* Pods-OC知识点Tests.debug.xcconfig */;
			buildSettings = {
				BUNDLE_LOADER = "$(TEST_HOST)";
				CODE_SIGN_STYLE = Automatic;
				INFOPLIST_FILE = "OC知识点Tests/Info.plist";
				LD_RUNPATH_SEARCH_PATHS = (
					"$(inherited)",
					"@executable_path/Frameworks",
					"@loader_path/Frameworks",
				);
				PRODUCT_BUNDLE_IDENTIFIER = "com.baidu.aa--.OC---Tests";
				PRODUCT_NAME = "$(TARGET_NAME)";
				TARGETED_DEVICE_FAMILY = "1,2";
				TEST_HOST = "$(BUILT_PRODUCTS_DIR)/OC知识点.app/OC知识点";
			};
			name = Debug;
		};
		E74FD90F20A6D17000793950 /* Release */ = {
			isa = XCBuildConfiguration;
			baseConfigurationReference = 25ADB2CBB6DDD8998904187A /* Pods-OC知识点Tests.release.xcconfig */;
			buildSettings = {
				BUNDLE_LOADER = "$(TEST_HOST)";
				CODE_SIGN_STYLE = Automatic;
				INFOPLIST_FILE = "OC知识点Tests/Info.plist";
				LD_RUNPATH_SEARCH_PATHS = (
					"$(inherited)",
					"@executable_path/Frameworks",
					"@loader_path/Frameworks",
				);
				PRODUCT_BUNDLE_IDENTIFIER = "com.baidu.aa--.OC---Tests";
				PRODUCT_NAME = "$(TARGET_NAME)";
				TARGETED_DEVICE_FAMILY = "1,2";
				TEST_HOST = "$(BUILT_PRODUCTS_DIR)/OC知识点.app/OC知识点";
			};
			name = Release;
		};
		E74FD91120A6D17000793950 /* Debug */ = {
			isa = XCBuildConfiguration;
			baseConfigurationReference = A00CD6C5C87BEF81394F8CC7 /* Pods-OC知识点UITests.debug.xcconfig */;
			buildSettings = {
				CODE_SIGN_STYLE = Automatic;
				INFOPLIST_FILE = "OC知识点UITests/Info.plist";
				LD_RUNPATH_SEARCH_PATHS = (
					"$(inherited)",
					"@executable_path/Frameworks",
					"@loader_path/Frameworks",
				);
				PRODUCT_BUNDLE_IDENTIFIER = "com.baidu.aa--.OC---UITests";
				PRODUCT_NAME = "$(TARGET_NAME)";
				TARGETED_DEVICE_FAMILY = "1,2";
				TEST_TARGET_NAME = "OC知识点";
			};
			name = Debug;
		};
		E74FD91220A6D17000793950 /* Release */ = {
			isa = XCBuildConfiguration;
			baseConfigurationReference = B9EF7A7343C707C7658E4724 /* Pods-OC知识点UITests.release.xcconfig */;
			buildSettings = {
				CODE_SIGN_STYLE = Automatic;
				INFOPLIST_FILE = "OC知识点UITests/Info.plist";
				LD_RUNPATH_SEARCH_PATHS = (
					"$(inherited)",
					"@executable_path/Frameworks",
					"@loader_path/Frameworks",
				);
				PRODUCT_BUNDLE_IDENTIFIER = "com.baidu.aa--.OC---UITests";
				PRODUCT_NAME = "$(TARGET_NAME)";
				TARGETED_DEVICE_FAMILY = "1,2";
				TEST_TARGET_NAME = "OC知识点";
			};
			name = Release;
		};
/* End XCBuildConfiguration section */

/* Begin XCConfigurationList section */
		E74FD8D920A6D16E00793950 /* Build configuration list for PBXProject "OC知识点" */ = {
			isa = XCConfigurationList;
			buildConfigurations = (
				E74FD90820A6D17000793950 /* Debug */,
				E74FD90920A6D17000793950 /* Release */,
			);
			defaultConfigurationIsVisible = 0;
			defaultConfigurationName = Release;
		};
		E74FD90A20A6D17000793950 /* Build configuration list for PBXNativeTarget "OC知识点" */ = {
			isa = XCConfigurationList;
			buildConfigurations = (
				E74FD90B20A6D17000793950 /* Debug */,
				E74FD90C20A6D17000793950 /* Release */,
			);
			defaultConfigurationIsVisible = 0;
			defaultConfigurationName = Release;
		};
		E74FD90D20A6D17000793950 /* Build configuration list for PBXNativeTarget "OC知识点Tests" */ = {
			isa = XCConfigurationList;
			buildConfigurations = (
				E74FD90E20A6D17000793950 /* Debug */,
				E74FD90F20A6D17000793950 /* Release */,
			);
			defaultConfigurationIsVisible = 0;
			defaultConfigurationName = Release;
		};
		E74FD91020A6D17000793950 /* Build configuration list for PBXNativeTarget "OC知识点UITests" */ = {
			isa = XCConfigurationList;
			buildConfigurations = (
				E74FD91120A6D17000793950 /* Debug */,
				E74FD91220A6D17000793950 /* Release */,
			);
			defaultConfigurationIsVisible = 0;
			defaultConfigurationName = Release;
		};
/* End XCConfigurationList section */
	};
	rootObject = E74FD8D620A6D16E00793950 /* Project object */;
}
